// !$*UTF8*$!
{
	archiveVersion = 1;
	classes = {
	};
	objectVersion = 77;
	objects = {

/* Begin PBXBuildFile section */
		DC3382D92FB4CD4900EBB6D4 /* HighlightedTextEditor in Frameworks */ = {isa = PBXBuildFile; productRef = DC3382D82FB4CD4900EBB6D4 /* HighlightedTextEditor */; };
		DC3950342FAFE7D900D5984A /* Textual in Frameworks */ = {isa = PBXBuildFile; productRef = DC3950332FAFE7D900D5984A /* Textual */; };
		DC39503C2FAFE94400D5984A /* OpenAPIRuntime in Frameworks */ = {isa = PBXBuildFile; productRef = DC39503B2FAFE94400D5984A /* OpenAPIRuntime */; };
		DC39503F2FAFE95500D5984A /* OpenAPIURLSession in Frameworks */ = {isa = PBXBuildFile; productRef = DC39503E2FAFE95500D5984A /* OpenAPIURLSession */; };
		DC5C68BD2FAFF7250012D957 /* CachedAsyncImage in Frameworks */ = {isa = PBXBuildFile; productRef = DC5C68BC2FAFF7250012D957 /* CachedAsyncImage */; };
		DC5C68C12FAFF7410012D957 /* Highlightr in Frameworks */ = {isa = PBXBuildFile; productRef = DC5C68C02FAFF7410012D957 /* Highlightr */; };
		DC5C6A622FB04B200012D957 /* Settings.bundle in Resources */ = {isa = PBXBuildFile; fileRef = DC5C6A072FB047350012D957 /* Settings.bundle */; };
/* End PBXBuildFile section */

/* Begin PBXFileReference section */
		DC394FFC2FAFE4BC00D5984A /* Gitea.app */ = {isa = PBXFileReference; explicitFileType = wrapper.application; includeInIndex = 0; path = Gitea.app; sourceTree = BUILT_PRODUCTS_DIR; };
		DC5C69A42FB042CD0012D957 /* license_plist.yml */ = {isa = PBXFileReference; lastKnownFileType = text.yaml; path = license_plist.yml; sourceTree = "<group>"; };
		DC5C6A072FB047350012D957 /* Settings.bundle */ = {isa = PBXFileReference; lastKnownFileType = "wrapper.plug-in"; path = Settings.bundle; sourceTree = "<group>"; };
/* End PBXFileReference section */

/* Begin PBXFileSystemSynchronizedRootGroup section */
		DC394FFE2FAFE4BC00D5984A /* Gitea */ = {
			isa = PBXFileSystemSynchronizedRootGroup;
			path = Gitea;
			sourceTree = "<group>";
		};
/* End PBXFileSystemSynchronizedRootGroup section */

/* Begin PBXFrameworksBuildPhase section */
		DC394FF92FAFE4BC00D5984A /* Frameworks */ = {
			isa = PBXFrameworksBuildPhase;
			buildActionMask = 2147483647;
			files = (
				DC5C68C12FAFF7410012D957 /* Highlightr in Frameworks */,
				DC39503C2FAFE94400D5984A /* OpenAPIRuntime in Frameworks */,
				DC5C68BD2FAFF7250012D957 /* CachedAsyncImage in Frameworks */,
				DC39503F2FAFE95500D5984A /* OpenAPIURLSession in Frameworks */,
				DC3382D92FB4CD4900EBB6D4 /* HighlightedTextEditor in Frameworks */,
				DC3950342FAFE7D900D5984A /* Textual in Frameworks */,
			);
			runOnlyForDeploymentPostprocessing = 0;
		};
/* End PBXFrameworksBuildPhase section */

/* Begin PBXGroup section */
		DC394FF32FAFE4BC00D5984A = {
			isa = PBXGroup;
			children = (
				DC5C6A072FB047350012D957 /* Settings.bundle */,
				DC394FFE2FAFE4BC00D5984A /* Gitea */,
				DC394FFD2FAFE4BC00D5984A /* Products */,
				DC5C69A42FB042CD0012D957 /* license_plist.yml */,
			);
			sourceTree = "<group>";
		};
		DC394FFD2FAFE4BC00D5984A /* Products */ = {
			isa = PBXGroup;
			children = (
				DC394FFC2FAFE4BC00D5984A /* Gitea.app */,
			);
			name = Products;
			sourceTree = "<group>";
		};
/* End PBXGroup section */

/* Begin PBXNativeTarget section */
		DC394FFB2FAFE4BC00D5984A /* Gitea */ = {
			isa = PBXNativeTarget;
			buildConfigurationList = DC3950072FAFE4BD00D5984A /* Build configuration list for PBXNativeTarget "Gitea" */;
			buildPhases = (
				DC394FF82FAFE4BC00D5984A /* Sources */,
				DC394FF92FAFE4BC00D5984A /* Frameworks */,
				DC394FFA2FAFE4BC00D5984A /* Resources */,
			);
			buildRules = (
			);
			dependencies = (
				DC5C685C2FAFEDEC0012D957 /* PBXTargetDependency */,
			);
			fileSystemSynchronizedGroups = (
				DC394FFE2FAFE4BC00D5984A /* Gitea */,
			);
			name = Gitea;
			packageProductDependencies = (
				DC3950332FAFE7D900D5984A /* Textual */,
				DC39503B2FAFE94400D5984A /* OpenAPIRuntime */,
				DC39503E2FAFE95500D5984A /* OpenAPIURLSession */,
				DC5C68BC2FAFF7250012D957 /* CachedAsyncImage */,
				DC5C68C02FAFF7410012D957 /* Highlightr */,
				DC3382D82FB4CD4900EBB6D4 /* HighlightedTextEditor */,
			);
			productName = Gitea;
			productReference = DC394FFC2FAFE4BC00D5984A /* Gitea.app */;
			productType = "com.apple.product-type.application";
		};
/* End PBXNativeTarget section */

/* Begin PBXProject section */
		DC394FF42FAFE4BC00D5984A /* Project object */ = {
			isa = PBXProject;
			attributes = {
				BuildIndependentTargetsInParallel = 1;
				LastSwiftUpdateCheck = 2640;
				LastUpgradeCheck = 2650;
				TargetAttributes = {
					DC394FFB2FAFE4BC00D5984A = {
						CreatedOnToolsVersion = 26.4.1;
					};
				};
			};
			buildConfigurationList = DC394FF72FAFE4BC00D5984A /* Build configuration list for PBXProject "Gitea" */;
			developmentRegion = en;
			hasScannedForEncodings = 0;
			knownRegions = (
				en,
				Base,
				de,
			);
			mainGroup = DC394FF32FAFE4BC00D5984A;
			minimizedProjectReferenceProxies = 1;
			packageReferences = (
				DC3950322FAFE7D900D5984A /* XCRemoteSwiftPackageReference "textual" */,
				DC39503A2FAFE94400D5984A /* XCRemoteSwiftPackageReference "swift-openapi-runtime" */,
				DC39503D2FAFE95500D5984A /* XCRemoteSwiftPackageReference "swift-openapi-urlsession" */,
				DC5C68572FAFEDD70012D957 /* XCRemoteSwiftPackageReference "swift-openapi-generator" */,
				DC5C68BB2FAFF7250012D957 /* XCRemoteSwiftPackageReference "swiftui-cached-async-image" */,
				DC5C68BF2FAFF7410012D957 /* XCRemoteSwiftPackageReference "Highlightr" */,
				DC3382D72FB4CD4900EBB6D4 /* XCRemoteSwiftPackageReference "HighlightedTextEditor" */,
			);
			preferredProjectObjectVersion = 77;
			productRefGroup = DC394FFD2FAFE4BC00D5984A /* Products */;
			projectDirPath = "";
			projectRoot = "";
			targets = (
				DC394FFB2FAFE4BC00D5984A /* Gitea */,
			);
		};
/* End PBXProject section */

/* Begin PBXResourcesBuildPhase section */
		DC394FFA2FAFE4BC00D5984A /* Resources */ = {
			isa = PBXResourcesBuildPhase;
			buildActionMask = 2147483647;
			files = (
				DC5C6A622FB04B200012D957 /* Settings.bundle in Resources */,
			);
			runOnlyForDeploymentPostprocessing = 0;
		};
/* End PBXResourcesBuildPhase section */

/* Begin PBXSourcesBuildPhase section */
		DC394FF82FAFE4BC00D5984A /* Sources */ = {
			isa = PBXSourcesBuildPhase;
			buildActionMask = 2147483647;
			files = (
			);
			runOnlyForDeploymentPostprocessing = 0;
		};
/* End PBXSourcesBuildPhase section */

/* Begin PBXTargetDependency section */
		DC5C685C2FAFEDEC0012D957 /* PBXTargetDependency */ = {
			isa = PBXTargetDependency;
			productRef = DC5C685B2FAFEDEC0012D957 /* OpenAPIGenerator */;
		};
/* End PBXTargetDependency section */

/* Begin XCBuildConfiguration section */
		DC3950052FAFE4BD00D5984A /* Debug */ = {
			isa = XCBuildConfiguration;
			buildSettings = {
				ALWAYS_SEARCH_USER_PATHS = NO;
				ASSETCATALOG_COMPILER_GENERATE_SWIFT_ASSET_SYMBOL_EXTENSIONS = YES;
				CLANG_ANALYZER_LOCALIZABILITY_NONLOCALIZED = YES;
				CLANG_ANALYZER_NONNULL = YES;
				CLANG_ANALYZER_NUMBER_OBJECT_CONVERSION = YES_AGGRESSIVE;
				CLANG_CXX_LANGUAGE_STANDARD = "gnu++20";
				CLANG_ENABLE_MODULES = YES;
				CLANG_ENABLE_OBJC_ARC = YES;
				CLANG_ENABLE_OBJC_WEAK = YES;
				CLANG_WARN_BLOCK_CAPTURE_AUTORELEASING = YES;
				CLANG_WARN_BOOL_CONVERSION = YES;
				CLANG_WARN_COMMA = YES;
				CLANG_WARN_CONSTANT_CONVERSION = YES;
				CLANG_WARN_DEPRECATED_OBJC_IMPLEMENTATIONS = YES;
				CLANG_WARN_DIRECT_OBJC_ISA_USAGE = YES_ERROR;
				CLANG_WARN_DOCUMENTATION_COMMENTS = YES;
				CLANG_WARN_EMPTY_BODY = YES;
				CLANG_WARN_ENUM_CONVERSION = YES;
				CLANG_WARN_INFINITE_RECURSION = YES;
				CLANG_WARN_INT_CONVERSION = YES;
				CLANG_WARN_NON_LITERAL_NULL_CONVERSION = YES;
				CLANG_WARN_OBJC_IMPLICIT_RETAIN_SELF = YES;
				CLANG_WARN_OBJC_LITERAL_CONVERSION = YES;
				CLANG_WARN_OBJC_ROOT_CLASS = YES_ERROR;
				CLANG_WARN_QUOTED_INCLUDE_IN_FRAMEWORK_HEADER = YES;
				CLANG_WARN_RANGE_LOOP_ANALYSIS = YES;
				CLANG_WARN_STRICT_PROTOTYPES = YES;
				CLANG_WARN_SUSPICIOUS_MOVE = YES;
				CLANG_WARN_UNGUARDED_AVAILABILITY = YES_AGGRESSIVE;
				CLANG_WARN_UNREACHABLE_CODE = YES;
				CLANG_WARN__DUPLICATE_METHOD_MATCH = YES;
				COPY_PHASE_STRIP = NO;
				DEBUG_INFORMATION_FORMAT = dwarf;
				DEVELOPMENT_TEAM = S2D94HHFAY;
				ENABLE_STRICT_OBJC_MSGSEND = YES;
				ENABLE_TESTABILITY = YES;
				ENABLE_USER_SCRIPT_SANDBOXING = YES;
				GCC_C_LANGUAGE_STANDARD = gnu17;
				GCC_DYNAMIC_NO_PIC = NO;
				GCC_NO_COMMON_BLOCKS = YES;
				GCC_OPTIMIZATION_LEVEL = 0;
				GCC_PREPROCESSOR_DEFINITIONS = (
					"DEBUG=1",
					"$(inherited)",
				);
				GCC_WARN_64_TO_32_BIT_CONVERSION = YES;
				GCC_WARN_ABOUT_RETURN_TYPE = YES_ERROR;
				GCC_WARN_UNDECLARED_SELECTOR = YES;
				GCC_WARN_UNINITIALIZED_AUTOS = YES_AGGRESSIVE;
				GCC_WARN_UNUSED_FUNCTION = YES;
				GCC_WARN_UNUSED_VARIABLE = YES;
				IPHONEOS_DEPLOYMENT_TARGET = 18.6;
				LOCALIZATION_PREFERS_STRING_CATALOGS = YES;
				MTL_ENABLE_DEBUG_INFO = INCLUDE_SOURCE;
				MTL_FAST_MATH = YES;
				ONLY_ACTIVE_ARCH = YES;
				SDKROOT = iphoneos;
				STRING_CATALOG_GENERATE_SYMBOLS = YES;
				SWIFT_ACTIVE_COMPILATION_CONDITIONS = "DEBUG $(inherited)";
				SWIFT_EMIT_LOC_STRINGS = YES;
				SWIFT_OPTIMIZATION_LEVEL = "-Onone";
			};
			name = Debug;
		};
		DC3950062FAFE4BD00D5984A /* Release */ = {
			isa = XCBuildConfiguration;
			buildSettings = {
				ALWAYS_SEARCH_USER_PATHS = NO;
				ASSETCATALOG_COMPILER_GENERATE_SWIFT_ASSET_SYMBOL_EXTENSIONS = YES;
				CLANG_ANALYZER_LOCALIZABILITY_NONLOCALIZED = YES;
				CLANG_ANALYZER_NONNULL = YES;
				CLANG_ANALYZER_NUMBER_OBJECT_CONVERSION = YES_AGGRESSIVE;
				CLANG_CXX_LANGUAGE_STANDARD = "gnu++20";
				CLANG_ENABLE_MODULES = YES;
				CLANG_ENABLE_OBJC_ARC = YES;
				CLANG_ENABLE_OBJC_WEAK = YES;
				CLANG_WARN_BLOCK_CAPTURE_AUTORELEASING = YES;
				CLANG_WARN_BOOL_CONVERSION = YES;
				CLANG_WARN_COMMA = YES;
				CLANG_WARN_CONSTANT_CONVERSION = YES;
				CLANG_WARN_DEPRECATED_OBJC_IMPLEMENTATIONS = YES;
				CLANG_WARN_DIRECT_OBJC_ISA_USAGE = YES_ERROR;
				CLANG_WARN_DOCUMENTATION_COMMENTS = YES;
				CLANG_WARN_EMPTY_BODY = YES;
				CLANG_WARN_ENUM_CONVERSION = YES;
				CLANG_WARN_INFINITE_RECURSION = YES;
				CLANG_WARN_INT_CONVERSION = YES;
				CLANG_WARN_NON_LITERAL_NULL_CONVERSION = YES;
				CLANG_WARN_OBJC_IMPLICIT_RETAIN_SELF = YES;
				CLANG_WARN_OBJC_LITERAL_CONVERSION = YES;
				CLANG_WARN_OBJC_ROOT_CLASS = YES_ERROR;
				CLANG_WARN_QUOTED_INCLUDE_IN_FRAMEWORK_HEADER = YES;
				CLANG_WARN_RANGE_LOOP_ANALYSIS = YES;
				CLANG_WARN_STRICT_PROTOTYPES = YES;
				CLANG_WARN_SUSPICIOUS_MOVE = YES;
				CLANG_WARN_UNGUARDED_AVAILABILITY = YES_AGGRESSIVE;
				CLANG_WARN_UNREACHABLE_CODE = YES;
				CLANG_WARN__DUPLICATE_METHOD_MATCH = YES;
				COPY_PHASE_STRIP = NO;
				DEBUG_INFORMATION_FORMAT = "dwarf-with-dsym";
				DEVELOPMENT_TEAM = S2D94HHFAY;
				ENABLE_NS_ASSERTIONS = NO;
				ENABLE_STRICT_OBJC_MSGSEND = YES;
				ENABLE_USER_SCRIPT_SANDBOXING = YES;
				GCC_C_LANGUAGE_STANDARD = gnu17;
				GCC_NO_COMMON_BLOCKS = YES;
				GCC_WARN_64_TO_32_BIT_CONVERSION = YES;
				GCC_WARN_ABOUT_RETURN_TYPE = YES_ERROR;
				GCC_WARN_UNDECLARED_SELECTOR = YES;
				GCC_WARN_UNINITIALIZED_AUTOS = YES_AGGRESSIVE;
				GCC_WARN_UNUSED_FUNCTION = YES;
				GCC_WARN_UNUSED_VARIABLE = YES;
				IPHONEOS_DEPLOYMENT_TARGET = 18.6;
				LOCALIZATION_PREFERS_STRING_CATALOGS = YES;
				MTL_ENABLE_DEBUG_INFO = NO;
				MTL_FAST_MATH = YES;
				SDKROOT = iphoneos;
				STRING_CATALOG_GENERATE_SYMBOLS = YES;
				SWIFT_COMPILATION_MODE = wholemodule;
				SWIFT_EMIT_LOC_STRINGS = YES;
				VALIDATE_PRODUCT = YES;
			};
			name = Release;
		};
		DC3950082FAFE4BD00D5984A /* Debug */ = {
			isa = XCBuildConfiguration;
			buildSettings = {
				ASSETCATALOG_COMPILER_APPICON_NAME = AppIcon;
				ASSETCATALOG_COMPILER_GLOBAL_ACCENT_COLOR_NAME = AccentColor;
				CODE_SIGN_STYLE = Automatic;
				CURRENT_PROJECT_VERSION = 1;
				DEVELOPMENT_TEAM = S2D94HHFAY;
				ENABLE_PREVIEWS = YES;
				GENERATE_INFOPLIST_FILE = YES;
				INFOPLIST_KEY_CFBundleDisplayName = Cup;
				INFOPLIST_KEY_LSApplicationCategoryType = "public.app-category.developer-tools";
				INFOPLIST_KEY_UIApplicationSceneManifest_Generation = YES;
				INFOPLIST_KEY_UIApplicationSupportsIndirectInputEvents = YES;
				INFOPLIST_KEY_UILaunchScreen_Generation = YES;
				INFOPLIST_KEY_UISupportedInterfaceOrientations_iPad = "UIInterfaceOrientationPortrait UIInterfaceOrientationPortraitUpsideDown UIInterfaceOrientationLandscapeLeft UIInterfaceOrientationLandscapeRight";
				INFOPLIST_KEY_UISupportedInterfaceOrientations_iPhone = "UIInterfaceOrientationPortrait UIInterfaceOrientationLandscapeLeft UIInterfaceOrientationLandscapeRight";
				IPHONEOS_DEPLOYMENT_TARGET = 18.0;
				LD_RUNPATH_SEARCH_PATHS = (
					"$(inherited)",
					"@executable_path/Frameworks",
				);
				MARKETING_VERSION = 0.5.0;
				PRODUCT_BUNDLE_IDENTIFIER = de.schindlerfelix.Gitea;
				PRODUCT_NAME = "$(TARGET_NAME)";
				STRING_CATALOG_GENERATE_SYMBOLS = YES;
				SUPPORTED_PLATFORMS = "iphoneos iphonesimulator";
				SUPPORTS_MACCATALYST = NO;
				SUPPORTS_MAC_DESIGNED_FOR_IPHONE_IPAD = NO;
				SUPPORTS_XR_DESIGNED_FOR_IPHONE_IPAD = NO;
				SWIFT_APPROACHABLE_CONCURRENCY = YES;
				SWIFT_DEFAULT_ACTOR_ISOLATION = nonisolated;
				SWIFT_EMIT_LOC_STRINGS = YES;
				SWIFT_UPCOMING_FEATURE_MEMBER_IMPORT_VISIBILITY = YES;
				SWIFT_VERSION = 6.0;
				TARGETED_DEVICE_FAMILY = 1;
			};
			name = Debug;
		};
		DC3950092FAFE4BD00D5984A /* Release */ = {
			isa = XCBuildConfiguration;
			buildSettings = {
				ASSETCATALOG_COMPILER_APPICON_NAME = AppIcon;
				ASSETCATALOG_COMPILER_GLOBAL_ACCENT_COLOR_NAME = AccentColor;
				CODE_SIGN_STYLE = Automatic;
				CURRENT_PROJECT_VERSION = 1;
				DEVELOPMENT_TEAM = S2D94HHFAY;
				ENABLE_PREVIEWS = YES;
				GENERATE_INFOPLIST_FILE = YES;
				INFOPLIST_KEY_CFBundleDisplayName = Cup;
				INFOPLIST_KEY_LSApplicationCategoryType = "public.app-category.developer-tools";
				INFOPLIST_KEY_UIApplicationSceneManifest_Generation = YES;
				INFOPLIST_KEY_UIApplicationSupportsIndirectInputEvents = YES;
				INFOPLIST_KEY_UILaunchScreen_Generation = YES;
				INFOPLIST_KEY_UISupportedInterfaceOrientations_iPad = "UIInterfaceOrientationPortrait UIInterfaceOrientationPortraitUpsideDown UIInterfaceOrientationLandscapeLeft UIInterfaceOrientationLandscapeRight";
				INFOPLIST_KEY_UISupportedInterfaceOrientations_iPhone = "UIInterfaceOrientationPortrait UIInterfaceOrientationLandscapeLeft UIInterfaceOrientationLandscapeRight";
				IPHONEOS_DEPLOYMENT_TARGET = 18.0;
				LD_RUNPATH_SEARCH_PATHS = (
					"$(inherited)",
					"@executable_path/Frameworks",
				);
				MARKETING_VERSION = 0.5.0;
				PRODUCT_BUNDLE_IDENTIFIER = de.schindlerfelix.Gitea;
				PRODUCT_NAME = "$(TARGET_NAME)";
				STRING_CATALOG_GENERATE_SYMBOLS = YES;
				SUPPORTED_PLATFORMS = "iphoneos iphonesimulator";
				SUPPORTS_MACCATALYST = NO;
				SUPPORTS_MAC_DESIGNED_FOR_IPHONE_IPAD = NO;
				SUPPORTS_XR_DESIGNED_FOR_IPHONE_IPAD = NO;
				SWIFT_APPROACHABLE_CONCURRENCY = YES;
				SWIFT_DEFAULT_ACTOR_ISOLATION = nonisolated;
				SWIFT_EMIT_LOC_STRINGS = YES;
				SWIFT_UPCOMING_FEATURE_MEMBER_IMPORT_VISIBILITY = YES;
				SWIFT_VERSION = 6.0;
				TARGETED_DEVICE_FAMILY = 1;
			};
			name = Release;
		};
/* End XCBuildConfiguration section */

/* Begin XCConfigurationList section */
		DC394FF72FAFE4BC00D5984A /* Build configuration list for PBXProject "Gitea" */ = {
			isa = XCConfigurationList;
			buildConfigurations = (
				DC3950052FAFE4BD00D5984A /* Debug */,
				DC3950062FAFE4BD00D5984A /* Release */,
			);
			defaultConfigurationIsVisible = 0;
			defaultConfigurationName = Release;
		};
		DC3950072FAFE4BD00D5984A /* Build configuration list for PBXNativeTarget "Gitea" */ = {
			isa = XCConfigurationList;
			buildConfigurations = (
				DC3950082FAFE4BD00D5984A /* Debug */,
				DC3950092FAFE4BD00D5984A /* Release */,
			);
			defaultConfigurationIsVisible = 0;
			defaultConfigurationName = Release;
		};
/* End XCConfigurationList section */

/* Begin XCRemoteSwiftPackageReference section */
		DC3382D72FB4CD4900EBB6D4 /* XCRemoteSwiftPackageReference "HighlightedTextEditor" */ = {
			isa = XCRemoteSwiftPackageReference;
			repositoryURL = "https://github.com/kyle-n/HighlightedTextEditor";
			requirement = {
				kind = upToNextMajorVersion;
				minimumVersion = 2.1.2;
			};
		};
		DC3950322FAFE7D900D5984A /* XCRemoteSwiftPackageReference "textual" */ = {
			isa = XCRemoteSwiftPackageReference;
			repositoryURL = "https://github.com/gonzalezreal/textual";
			requirement = {
				kind = upToNextMajorVersion;
				minimumVersion = 0.3.1;
			};
		};
		DC39503A2FAFE94400D5984A /* XCRemoteSwiftPackageReference "swift-openapi-runtime" */ = {
			isa = XCRemoteSwiftPackageReference;
			repositoryURL = "https://github.com/apple/swift-openapi-runtime";
			requirement = {
				kind = upToNextMajorVersion;
				minimumVersion = 1.11.0;
			};
		};
		DC39503D2FAFE95500D5984A /* XCRemoteSwiftPackageReference "swift-openapi-urlsession" */ = {
			isa = XCRemoteSwiftPackageReference;
			repositoryURL = "https://github.com/apple/swift-openapi-urlsession";
			requirement = {
				kind = upToNextMajorVersion;
				minimumVersion = 1.3.0;
			};
		};
		DC5C68572FAFEDD70012D957 /* XCRemoteSwiftPackageReference "swift-openapi-generator" */ = {
			isa = XCRemoteSwiftPackageReference;
			repositoryURL = "https://github.com/apple/swift-openapi-generator";
			requirement = {
				kind = upToNextMajorVersion;
				minimumVersion = 1.12.0;
			};
		};
		DC5C68BB2FAFF7250012D957 /* XCRemoteSwiftPackageReference "swiftui-cached-async-image" */ = {
			isa = XCRemoteSwiftPackageReference;
			repositoryURL = "https://github.com/lorenzofiamingo/swiftui-cached-async-image";
			requirement = {
				kind = exactVersion;
				version = 2.1.1;
			};
		};
		DC5C68BF2FAFF7410012D957 /* XCRemoteSwiftPackageReference "Highlightr" */ = {
			isa = XCRemoteSwiftPackageReference;
			repositoryURL = "https://github.com/raspu/Highlightr";
			requirement = {
				kind = upToNextMajorVersion;
				minimumVersion = 2.3.0;
			};
		};
/* End XCRemoteSwiftPackageReference section */

/* Begin XCSwiftPackageProductDependency section */
		DC3382D82FB4CD4900EBB6D4 /* HighlightedTextEditor */ = {
			isa = XCSwiftPackageProductDependency;
			package = DC3382D72FB4CD4900EBB6D4 /* XCRemoteSwiftPackageReference "HighlightedTextEditor" */;
			productName = HighlightedTextEditor;
		};
		DC3950332FAFE7D900D5984A /* Textual */ = {
			isa = XCSwiftPackageProductDependency;
			package = DC3950322FAFE7D900D5984A /* XCRemoteSwiftPackageReference "textual" */;
			productName = Textual;
		};
		DC39503B2FAFE94400D5984A /* OpenAPIRuntime */ = {
			isa = XCSwiftPackageProductDependency;
			package = DC39503A2FAFE94400D5984A /* XCRemoteSwiftPackageReference "swift-openapi-runtime" */;
			productName = OpenAPIRuntime;
		};
		DC39503E2FAFE95500D5984A /* OpenAPIURLSession */ = {
			isa = XCSwiftPackageProductDependency;
			package = DC39503D2FAFE95500D5984A /* XCRemoteSwiftPackageReference "swift-openapi-urlsession" */;
			productName = OpenAPIURLSession;
		};
		DC5C685B2FAFEDEC0012D957 /* OpenAPIGenerator */ = {
			isa = XCSwiftPackageProductDependency;
			package = DC5C68572FAFEDD70012D957 /* XCRemoteSwiftPackageReference "swift-openapi-generator" */;
			productName = "plugin:OpenAPIGenerator";
		};
		DC5C68BC2FAFF7250012D957 /* CachedAsyncImage */ = {
			isa = XCSwiftPackageProductDependency;
			package = DC5C68BB2FAFF7250012D957 /* XCRemoteSwiftPackageReference "swiftui-cached-async-image" */;
			productName = CachedAsyncImage;
		};
		DC5C68C02FAFF7410012D957 /* Highlightr */ = {
			isa = XCSwiftPackageProductDependency;
			package = DC5C68BF2FAFF7410012D957 /* XCRemoteSwiftPackageReference "Highlightr" */;
			productName = Highlightr;
		};
/* End XCSwiftPackageProductDependency section */
	};
	rootObject = DC394FF42FAFE4BC00D5984A /* Project object */;
}
